PODS:
  - Flutter (1.0.0)
  - rust_lib_btle (0.0.1):
    - Flutter

DEPENDENCIES:
  - Flutter (from `Flutter`)
  - rust_lib_btle (from `.symlinks/plugins/rust_lib_btle/ios`)

EXTERNAL SOURCES:
  Flutter:
    :path: Flutter
  rust_lib_btle:
    :path: ".symlinks/plugins/rust_lib_btle/ios"

SPEC CHECKSUMS:
  Flutter: e0871f40cf51350855a761d2e70bf5af5b9b5de7
  rust_lib_btle: fbdf242e4afa9fcfe383f905d357affc6b7f9fe3

PODFILE CHECKSUM: 819463e6a0290f5a72f145ba7cde16e8b6ef0796

COCOAPODS: 1.15.2
