PODS:
  - bluart (0.0.1):
    - Flutter
  - file_picker (0.0.1):
    - Flutter
  - file_saver (0.0.1):
    - Flutter
  - Flutter (1.0.0)
  - flutter_secure_storage (6.0.0):
    - Flutter
  - flutter_vlc_player (3.0.3):
    - Flutter
    - MobileVLCKit (~> 3.6.1b1)
  - in_app_purchase_storekit (0.0.1):
    - Flutter
    - FlutterMacOS
  - integration_test (0.0.1):
    - Flutter
  - local_auth_darwin (0.0.1):
    - Flutter
    - FlutterMacOS
  - MobileVLCKit (3.6.1b1)
  - MTBBarcodeScanner (5.0.11)
  - ObjectBox (4.3.0)
  - objectbox_flutter_libs (0.0.1):
    - Flutter
    - ObjectBox (= 4.3.0)
  - package_info_plus (0.4.5):
    - Flutter
  - path_provider_foundation (0.0.1):
    - Flutter
    - FlutterMacOS
  - permission_handler_apple (9.3.0):
    - Flutter
  - qr_code_scanner_plus (0.2.6):
    - Flutter
    - MTBBarcodeScanner
  - Ramp (4.0.1)
  - ramp_flutter (1.0.1):
    - Flutter
    - Ramp
  - rive_native (0.0.1):
    - Flutter
  - rust_lib_backup (0.0.1):
    - Flutter
  - rust_lib_foundation_api (0.0.1):
    - Flutter
  - rust_lib_http_tor (0.0.1):
    - Flutter
  - rust_lib_ngwallet (0.0.1):
    - Flutter
  - rust_lib_shards (0.0.1):
    - Flutter
  - share_plus (0.0.1):
    - Flutter
  - shared_preferences_foundation (0.0.1):
    - Flutter
    - FlutterMacOS
  - sqflite_darwin (0.0.4):
    - Flutter
    - FlutterMacOS
  - tor (0.0.1):
    - Flutter
  - url_launcher_ios (0.0.1):
    - Flutter
  - wakelock_plus (0.0.1):
    - Flutter

DEPENDENCIES:
  - bluart (from `.symlinks/plugins/bluart/ios`)
  - file_picker (from `.symlinks/plugins/file_picker/ios`)
  - file_saver (from `.symlinks/plugins/file_saver/ios`)
  - Flutter (from `Flutter`)
  - flutter_secure_storage (from `.symlinks/plugins/flutter_secure_storage/ios`)
  - flutter_vlc_player (from `.symlinks/plugins/flutter_vlc_player/ios`)
  - in_app_purchase_storekit (from `.symlinks/plugins/in_app_purchase_storekit/darwin`)
  - integration_test (from `.symlinks/plugins/integration_test/ios`)
  - local_auth_darwin (from `.symlinks/plugins/local_auth_darwin/darwin`)
  - objectbox_flutter_libs (from `.symlinks/plugins/objectbox_flutter_libs/ios`)
  - package_info_plus (from `.symlinks/plugins/package_info_plus/ios`)
  - path_provider_foundation (from `.symlinks/plugins/path_provider_foundation/darwin`)
  - permission_handler_apple (from `.symlinks/plugins/permission_handler_apple/ios`)
  - qr_code_scanner_plus (from `.symlinks/plugins/qr_code_scanner_plus/ios`)
  - Ramp (from `https://github.com/RampNetwork/ramp-sdk-ios`, tag `4.0.1`)
  - ramp_flutter (from `.symlinks/plugins/ramp_flutter/ios`)
  - rive_native (from `.symlinks/plugins/rive_native/ios`)
  - rust_lib_backup (from `.symlinks/plugins/rust_lib_backup/ios`)
  - rust_lib_foundation_api (from `.symlinks/plugins/rust_lib_foundation_api/ios`)
  - rust_lib_http_tor (from `.symlinks/plugins/rust_lib_http_tor/ios`)
  - rust_lib_ngwallet (from `.symlinks/plugins/rust_lib_ngwallet/ios`)
  - rust_lib_shards (from `.symlinks/plugins/rust_lib_shards/ios`)
  - share_plus (from `.symlinks/plugins/share_plus/ios`)
  - shared_preferences_foundation (from `.symlinks/plugins/shared_preferences_foundation/darwin`)
  - sqflite_darwin (from `.symlinks/plugins/sqflite_darwin/darwin`)
  - tor (from `.symlinks/plugins/tor/ios`)
  - url_launcher_ios (from `.symlinks/plugins/url_launcher_ios/ios`)
  - wakelock_plus (from `.symlinks/plugins/wakelock_plus/ios`)

SPEC REPOS:
  trunk:
    - MobileVLCKit
    - MTBBarcodeScanner
    - ObjectBox

EXTERNAL SOURCES:
  bluart:
    :path: ".symlinks/plugins/bluart/ios"
  file_picker:
    :path: ".symlinks/plugins/file_picker/ios"
  file_saver:
    :path: ".symlinks/plugins/file_saver/ios"
  Flutter:
    :path: Flutter
  flutter_secure_storage:
    :path: ".symlinks/plugins/flutter_secure_storage/ios"
  flutter_vlc_player:
    :path: ".symlinks/plugins/flutter_vlc_player/ios"
  in_app_purchase_storekit:
    :path: ".symlinks/plugins/in_app_purchase_storekit/darwin"
  integration_test:
    :path: ".symlinks/plugins/integration_test/ios"
  local_auth_darwin:
    :path: ".symlinks/plugins/local_auth_darwin/darwin"
  objectbox_flutter_libs:
    :path: ".symlinks/plugins/objectbox_flutter_libs/ios"
  package_info_plus:
    :path: ".symlinks/plugins/package_info_plus/ios"
  path_provider_foundation:
    :path: ".symlinks/plugins/path_provider_foundation/darwin"
  permission_handler_apple:
    :path: ".symlinks/plugins/permission_handler_apple/ios"
  qr_code_scanner_plus:
    :path: ".symlinks/plugins/qr_code_scanner_plus/ios"
  Ramp:
    :git: https://github.com/RampNetwork/ramp-sdk-ios
    :tag: 4.0.1
  ramp_flutter:
    :path: ".symlinks/plugins/ramp_flutter/ios"
  rive_native:
    :path: ".symlinks/plugins/rive_native/ios"
  rust_lib_backup:
    :path: ".symlinks/plugins/rust_lib_backup/ios"
  rust_lib_foundation_api:
    :path: ".symlinks/plugins/rust_lib_foundation_api/ios"
  rust_lib_http_tor:
    :path: ".symlinks/plugins/rust_lib_http_tor/ios"
  rust_lib_ngwallet:
    :path: ".symlinks/plugins/rust_lib_ngwallet/ios"
  rust_lib_shards:
    :path: ".symlinks/plugins/rust_lib_shards/ios"
  share_plus:
    :path: ".symlinks/plugins/share_plus/ios"
  shared_preferences_foundation:
    :path: ".symlinks/plugins/shared_preferences_foundation/darwin"
  sqflite_darwin:
    :path: ".symlinks/plugins/sqflite_darwin/darwin"
  tor:
    :path: ".symlinks/plugins/tor/ios"
  url_launcher_ios:
    :path: ".symlinks/plugins/url_launcher_ios/ios"
  wakelock_plus:
    :path: ".symlinks/plugins/wakelock_plus/ios"

CHECKOUT OPTIONS:
  Ramp:
    :git: https://github.com/RampNetwork/ramp-sdk-ios
    :tag: 4.0.1

SPEC CHECKSUMS:
  bluart: 2e6699380d7344463ba5759f6d7866d1d8eb2593
  file_picker: 9e4c55a49b5bec4a3cc3c01410ce11348811c551
  file_saver: 503e386464dbe118f630e17b4c2e1190fa0cf808
  Flutter: cabc95a1d2626b1b06e7179b784ebcf0c0cde467
  flutter_secure_storage: d33dac7ae2ea08509be337e775f6b59f1ff45f12
  flutter_vlc_player: 1508e7989e41d11328e4fa4c9a1f188c7cf4cf7a
  in_app_purchase_storekit: a1ce04056e23eecc666b086040239da7619cd783
  integration_test: 252f60fa39af5e17c3aa9899d35d908a0721b573
  local_auth_darwin: fa4b06454df7df8e97c18d7ee55151c57e7af0de
  MobileVLCKit: 2d9c7c373393ae43086aeeff890bf0b1afc15c5c
  MTBBarcodeScanner: f453b33c4b7dfe545d8c6484ed744d55671788cb
  ObjectBox: 7760fa9072adcffe102a6adf4646ca84ba70ab6b
  objectbox_flutter_libs: 8fa96fe3ffeb448a48e8cacbbe3ec4be7a6564d8
  package_info_plus: c0502532a26c7662a62a356cebe2692ec5fe4ec4
  path_provider_foundation: 2b6b4c569c0fb62ec74538f866245ac84301af46
  permission_handler_apple: 9878588469a2b0d0fc1e048d9f43605f92e6cec2
  qr_code_scanner_plus: 3bfe4deb7f28996a63a2a580819d49dae80d5ed3
  Ramp: 3f843fb75cac12ad40842afa3226bae36dc93521
  ramp_flutter: 7c2b108417cd4899c0f4aae2040a646e82b8f660
  rive_native: b9a36ed0644fc2ed1fd46f1d2b4e5501e5948235
  rust_lib_backup: 4524262f94017bf154f4311366f58b2942301b66
  rust_lib_foundation_api: b926bd066994ff2c0354873b5335f7287ac62945
  rust_lib_http_tor: 0fcda57f1a6c6046f5f62488ef5bce90aa30694a
  rust_lib_ngwallet: 3a8d019b362008e31221ba4b2263988fcc0bf802
  rust_lib_shards: 8e23064d2ebd38e6a70dc5a2fd05747544c14005
  share_plus: 8b6f8b3447e494cca5317c8c3073de39b3600d1f
  shared_preferences_foundation: fcdcbc04712aee1108ac7fda236f363274528f78
  sqflite_darwin: 5a7236e3b501866c1c9befc6771dfd73ffb8702d
  tor: 662a9f5b980b5c86decb8ba611de9bcd4c8286eb
  url_launcher_ios: 5334b05cef931de560670eeae103fd3e431ac3fe
  wakelock_plus: 76957ab028e12bfa4e66813c99e46637f367fc7e

PODFILE CHECKSUM: dc3fbd9be436599b943a0b318293671d7938b48e

COCOAPODS: 1.16.2
